// !$*UTF8*$!
{
	archiveVersion = 1;
	classes = {
	};
	objectVersion = 50;
	objects = {

/* Begin PBXBuildFile section */
		AC497B1C259A9C5E00D4BF81 /* AtomApp.swift in Sources */ = {isa = PBXBuildFile; fileRef = AC497B1B259A9C5E00D4BF81 /* AtomApp.swift */; };
		AC497B1E259A9C5E00D4BF81 /* MainView.swift in Sources */ = {isa = PBXBuildFile; fileRef = AC497B1D259A9C5E00D4BF81 /* MainView.swift */; };
		AC497B20259A9C5F00D4BF81 /* Assets.xcassets in Resources */ = {isa = PBXBuildFile; fileRef = AC497B1F259A9C5F00D4BF81 /* Assets.xcassets */; };
		AC497B23259A9C5F00D4BF81 /* Preview Assets.xcassets in Resources */ = {isa = PBXBuildFile; fileRef = AC497B22259A9C5F00D4BF81 /* Preview Assets.xcassets */; };
		AC497B2E259A9C5F00D4BF81 /* AtomTests.swift in Sources */ = {isa = PBXBuildFile; fileRef = AC497B2D259A9C5F00D4BF81 /* AtomTests.swift */; };
		AC497B39259A9C5F00D4BF81 /* AtomUITests.swift in Sources */ = {isa = PBXBuildFile; fileRef = AC497B38259A9C5F00D4BF81 /* AtomUITests.swift */; };
		AC84EDAE25AD52E800230761 /* MoviesHeader.swift in Sources */ = {isa = PBXBuildFile; fileRef = AC84EDAD25AD52E800230761 /* MoviesHeader.swift */; };
		AC84EDB325AD531E00230761 /* MoviesList.swift in Sources */ = {isa = PBXBuildFile; fileRef = AC84EDB225AD531E00230761 /* MoviesList.swift */; };
		AC84EDB825AD535E00230761 /* MoviesListItem.swift in Sources */ = {isa = PBXBuildFile; fileRef = AC84EDB725AD535E00230761 /* MoviesListItem.swift */; };
		AC84EDCA25AD558000230761 /* SearchButton.swift in Sources */ = {isa = PBXBuildFile; fileRef = AC84EDC925AD558000230761 /* SearchButton.swift */; };
		AC84EDD925AD628D00230761 /* Font Awesome 5 Free-Solid-900.otf in Resources */ = {isa = PBXBuildFile; fileRef = AC84EDD625AD628D00230761 /* Font Awesome 5 Free-Solid-900.otf */; };
		AC84EDDA25AD628D00230761 /* Font Awesome 5 Free-Regular-400.otf in Resources */ = {isa = PBXBuildFile; fileRef = AC84EDD725AD628D00230761 /* Font Awesome 5 Free-Regular-400.otf */; };
		AC84EDDB25AD628D00230761 /* Font Awesome 5 Brands-Regular-400.otf in Resources */ = {isa = PBXBuildFile; fileRef = AC84EDD825AD628D00230761 /* Font Awesome 5 Brands-Regular-400.otf */; };
		AC84EDF025AD92B400230761 /* Movie.swift in Sources */ = {isa = PBXBuildFile; fileRef = AC84EDEF25AD92B400230761 /* Movie.swift */; };
		AC84EE0125AD9B4000230761 /* MoviesService.swift in Sources */ = {isa = PBXBuildFile; fileRef = AC84EE0025AD9B4000230761 /* MoviesService.swift */; };
		AC84EE0A25AE5D0300230761 /* upcoming_movies.json in Resources */ = {isa = PBXBuildFile; fileRef = AC84EE0925AE5D0300230761 /* upcoming_movies.json */; };
		AC84EE3625AE9A0D00230761 /* ImageService.swift in Sources */ = {isa = PBXBuildFile; fileRef = AC84EE3525AE9A0D00230761 /* ImageService.swift */; };
		AC84EE3B25AEA8EE00230761 /* RemoteImage.swift in Sources */ = {isa = PBXBuildFile; fileRef = AC84EE3A25AEA8EE00230761 /* RemoteImage.swift */; };
		AC84EE4325AEB42700230761 /* ImageCache.swift in Sources */ = {isa = PBXBuildFile; fileRef = AC84EE4225AEB42700230761 /* ImageCache.swift */; };
		AC84EE4825AF847200230761 /* MovieDetails.swift in Sources */ = {isa = PBXBuildFile; fileRef = AC84EE4725AF847200230761 /* MovieDetails.swift */; };
		ACF4B8E4259D01B9005AAB05 /* Movies.swift in Sources */ = {isa = PBXBuildFile; fileRef = ACF4B8E3259D01B9005AAB05 /* Movies.swift */; };
		ACF4B8E9259D01C6005AAB05 /* Theaters.swift in Sources */ = {isa = PBXBuildFile; fileRef = ACF4B8E8259D01C6005AAB05 /* Theaters.swift */; };
		ACF4B8EE259D01D0005AAB05 /* Profile.swift in Sources */ = {isa = PBXBuildFile; fileRef = ACF4B8ED259D01D0005AAB05 /* Profile.swift */; };
		ACF4B8F3259D01E2005AAB05 /* News.swift in Sources */ = {isa = PBXBuildFile; fileRef = ACF4B8F2259D01E2005AAB05 /* News.swift */; };
		ACF4B8F8259D01EA005AAB05 /* Trailers.swift in Sources */ = {isa = PBXBuildFile; fileRef = ACF4B8F7259D01EA005AAB05 /* Trailers.swift */; };
/* End PBXBuildFile section */

/* Begin PBXContainerItemProxy section */
		AC497B2A259A9C5F00D4BF81 /* PBXContainerItemProxy */ = {
			isa = PBXContainerItemProxy;
			containerPortal = AC497B10259A9C5E00D4BF81 /* Project object */;
			proxyType = 1;
			remoteGlobalIDString = AC497B17259A9C5E00D4BF81;
			remoteInfo = Atom;
		};
		AC497B35259A9C5F00D4BF81 /* PBXContainerItemProxy */ = {
			isa = PBXContainerItemProxy;
			containerPortal = AC497B10259A9C5E00D4BF81 /* Project object */;
			proxyType = 1;
			remoteGlobalIDString = AC497B17259A9C5E00D4BF81;
			remoteInfo = Atom;
		};
/* End PBXContainerItemProxy section */

/* Begin PBXFileReference section */
		AC497B18259A9C5E00D4BF81 /* Atom.app */ = {isa = PBXFileReference; explicitFileType = wrapper.application; includeInIndex = 0; path = Atom.app; sourceTree = BUILT_PRODUCTS_DIR; };
		AC497B1B259A9C5E00D4BF81 /* AtomApp.swift */ = {isa = PBXFileReference; lastKnownFileType = sourcecode.swift; path = AtomApp.swift; sourceTree = "<group>"; };
		AC497B1D259A9C5E00D4BF81 /* MainView.swift */ = {isa = PBXFileReference; lastKnownFileType = sourcecode.swift; path = MainView.swift; sourceTree = "<group>"; };
		AC497B1F259A9C5F00D4BF81 /* Assets.xcassets */ = {isa = PBXFileReference; lastKnownFileType = folder.assetcatalog; path = Assets.xcassets; sourceTree = "<group>"; };
		AC497B22259A9C5F00D4BF81 /* Preview Assets.xcassets */ = {isa = PBXFileReference; lastKnownFileType = folder.assetcatalog; path = "Preview Assets.xcassets"; sourceTree = "<group>"; };
		AC497B24259A9C5F00D4BF81 /* Info.plist */ = {isa = PBXFileReference; lastKnownFileType = text.plist.xml; path = Info.plist; sourceTree = "<group>"; };
		AC497B29259A9C5F00D4BF81 /* AtomTests.xctest */ = {isa = PBXFileReference; explicitFileType = wrapper.cfbundle; includeInIndex = 0; path = AtomTests.xctest; sourceTree = BUILT_PRODUCTS_DIR; };
		AC497B2D259A9C5F00D4BF81 /* AtomTests.swift */ = {isa = PBXFileReference; lastKnownFileType = sourcecode.swift; path = AtomTests.swift; sourceTree = "<group>"; };
		AC497B2F259A9C5F00D4BF81 /* Info.plist */ = {isa = PBXFileReference; lastKnownFileType = text.plist.xml; path = Info.plist; sourceTree = "<group>"; };
		AC497B34259A9C5F00D4BF81 /* AtomUITests.xctest */ = {isa = PBXFileReference; explicitFileType = wrapper.cfbundle; includeInIndex = 0; path = AtomUITests.xctest; sourceTree = BUILT_PRODUCTS_DIR; };
		AC497B38259A9C5F00D4BF81 /* AtomUITests.swift */ = {isa = PBXFileReference; lastKnownFileType = sourcecode.swift; path = AtomUITests.swift; sourceTree = "<group>"; };
		AC497B3A259A9C5F00D4BF81 /* Info.plist */ = {isa = PBXFileReference; lastKnownFileType = text.plist.xml; path = Info.plist; sourceTree = "<group>"; };
		AC84EDAD25AD52E800230761 /* MoviesHeader.swift */ = {isa = PBXFileReference; lastKnownFileType = sourcecode.swift; path = MoviesHeader.swift; sourceTree = "<group>"; };
		AC84EDB225AD531E00230761 /* MoviesList.swift */ = {isa = PBXFileReference; lastKnownFileType = sourcecode.swift; path = MoviesList.swift; sourceTree = "<group>"; };
		AC84EDB725AD535E00230761 /* MoviesListItem.swift */ = {isa = PBXFileReference; lastKnownFileType = sourcecode.swift; path = MoviesListItem.swift; sourceTree = "<group>"; };
		AC84EDC925AD558000230761 /* SearchButton.swift */ = {isa = PBXFileReference; lastKnownFileType = sourcecode.swift; path = SearchButton.swift; sourceTree = "<group>"; };
		AC84EDD625AD628D00230761 /* Font Awesome 5 Free-Solid-900.otf */ = {isa = PBXFileReference; lastKnownFileType = file; path = "Font Awesome 5 Free-Solid-900.otf"; sourceTree = "<group>"; };
		AC84EDD725AD628D00230761 /* Font Awesome 5 Free-Regular-400.otf */ = {isa = PBXFileReference; lastKnownFileType = file; path = "Font Awesome 5 Free-Regular-400.otf"; sourceTree = "<group>"; };
		AC84EDD825AD628D00230761 /* Font Awesome 5 Brands-Regular-400.otf */ = {isa = PBXFileReference; lastKnownFileType = file; path = "Font Awesome 5 Brands-Regular-400.otf"; sourceTree = "<group>"; };
		AC84EDEF25AD92B400230761 /* Movie.swift */ = {isa = PBXFileReference; lastKnownFileType = sourcecode.swift; path = Movie.swift; sourceTree = "<group>"; };
		AC84EE0025AD9B4000230761 /* MoviesService.swift */ = {isa = PBXFileReference; lastKnownFileType = sourcecode.swift; path = MoviesService.swift; sourceTree = "<group>"; };
		AC84EE0925AE5D0300230761 /* upcoming_movies.json */ = {isa = PBXFileReference; fileEncoding = 4; lastKnownFileType = text.json; path = upcoming_movies.json; sourceTree = "<group>"; };
		AC84EE3525AE9A0D00230761 /* ImageService.swift */ = {isa = PBXFileReference; lastKnownFileType = sourcecode.swift; path = ImageService.swift; sourceTree = "<group>"; };
		AC84EE3A25AEA8EE00230761 /* RemoteImage.swift */ = {isa = PBXFileReference; lastKnownFileType = sourcecode.swift; path = RemoteImage.swift; sourceTree = "<group>"; };
		AC84EE4225AEB42700230761 /* ImageCache.swift */ = {isa = PBXFileReference; lastKnownFileType = sourcecode.swift; path = ImageCache.swift; sourceTree = "<group>"; };
		AC84EE4725AF847200230761 /* MovieDetails.swift */ = {isa = PBXFileReference; lastKnownFileType = sourcecode.swift; path = MovieDetails.swift; sourceTree = "<group>"; };
		ACF4B8E3259D01B9005AAB05 /* Movies.swift */ = {isa = PBXFileReference; lastKnownFileType = sourcecode.swift; path = Movies.swift; sourceTree = "<group>"; };
		ACF4B8E8259D01C6005AAB05 /* Theaters.swift */ = {isa = PBXFileReference; lastKnownFileType = sourcecode.swift; path = Theaters.swift; sourceTree = "<group>"; };
		ACF4B8ED259D01D0005AAB05 /* Profile.swift */ = {isa = PBXFileReference; lastKnownFileType = sourcecode.swift; path = Profile.swift; sourceTree = "<group>"; };
		ACF4B8F2259D01E2005AAB05 /* News.swift */ = {isa = PBXFileReference; lastKnownFileType = sourcecode.swift; path = News.swift; sourceTree = "<group>"; };
		ACF4B8F7259D01EA005AAB05 /* Trailers.swift */ = {isa = PBXFileReference; lastKnownFileType = sourcecode.swift; path = Trailers.swift; sourceTree = "<group>"; };
/* End PBXFileReference section */

/* Begin PBXFrameworksBuildPhase section */
		AC497B15259A9C5E00D4BF81 /* Frameworks */ = {
			isa = PBXFrameworksBuildPhase;
			buildActionMask = 2147483647;
			files = (
			);
			runOnlyForDeploymentPostprocessing = 0;
		};
		AC497B26259A9C5F00D4BF81 /* Frameworks */ = {
			isa = PBXFrameworksBuildPhase;
			buildActionMask = 2147483647;
			files = (
			);
			runOnlyForDeploymentPostprocessing = 0;
		};
		AC497B31259A9C5F00D4BF81 /* Frameworks */ = {
			isa = PBXFrameworksBuildPhase;
			buildActionMask = 2147483647;
			files = (
			);
			runOnlyForDeploymentPostprocessing = 0;
		};
/* End PBXFrameworksBuildPhase section */

/* Begin PBXGroup section */
		AC497B0F259A9C5E00D4BF81 = {
			isa = PBXGroup;
			children = (
				AC497B1A259A9C5E00D4BF81 /* Atom */,
				AC497B2C259A9C5F00D4BF81 /* AtomTests */,
				AC497B37259A9C5F00D4BF81 /* AtomUITests */,
				AC497B19259A9C5E00D4BF81 /* Products */,
			);
			sourceTree = "<group>";
		};
		AC497B19259A9C5E00D4BF81 /* Products */ = {
			isa = PBXGroup;
			children = (
				AC497B18259A9C5E00D4BF81 /* Atom.app */,
				AC497B29259A9C5F00D4BF81 /* AtomTests.xctest */,
				AC497B34259A9C5F00D4BF81 /* AtomUITests.xctest */,
			);
			name = Products;
			sourceTree = "<group>";
		};
		AC497B1A259A9C5E00D4BF81 /* Atom */ = {
			isa = PBXGroup;
			children = (
				AC497B24259A9C5F00D4BF81 /* Info.plist */,
				AC84EDEA25AD649100230761 /* Application */,
				AC84EDD425AD626F00230761 /* Data */,
				AC84EDD525AD627400230761 /* Fonts */,
				AC84EDEE25AD928C00230761 /* Models */,
				AC497B21259A9C5F00D4BF81 /* Preview Content */,
				ACF4B8FC259D026B005AAB05 /* Screens */,
				AC84EE1C25AE6DE300230761 /* Supporting Views */,
				AC84EDFF25AD9B0E00230761 /* ViewModels */,
			);
			path = Atom;
			sourceTree = "<group>";
		};
		AC497B21259A9C5F00D4BF81 /* Preview Content */ = {
			isa = PBXGroup;
			children = (
				AC497B22259A9C5F00D4BF81 /* Preview Assets.xcassets */,
			);
			path = "Preview Content";
			sourceTree = "<group>";
		};
		AC497B2C259A9C5F00D4BF81 /* AtomTests */ = {
			isa = PBXGroup;
			children = (
				AC497B2D259A9C5F00D4BF81 /* AtomTests.swift */,
				AC497B2F259A9C5F00D4BF81 /* Info.plist */,
			);
			path = AtomTests;
			sourceTree = "<group>";
		};
		AC497B37259A9C5F00D4BF81 /* AtomUITests */ = {
			isa = PBXGroup;
			children = (
				AC497B38259A9C5F00D4BF81 /* AtomUITests.swift */,
				AC497B3A259A9C5F00D4BF81 /* Info.plist */,
			);
			path = AtomUITests;
			sourceTree = "<group>";
		};
		AC84EDA725AD52A700230761 /* Movies */ = {
			isa = PBXGroup;
			children = (
				AC84EDAC25AD52D500230761 /* Supporting Views */,
				ACF4B8E3259D01B9005AAB05 /* Movies.swift */,
			);
			name = Movies;
			sourceTree = "<group>";
		};
		AC84EDA825AD52B000230761 /* News */ = {
			isa = PBXGroup;
			children = (
				ACF4B8F2259D01E2005AAB05 /* News.swift */,
			);
			name = News;
			sourceTree = "<group>";
		};
		AC84EDA925AD52B700230761 /* Profile */ = {
			isa = PBXGroup;
			children = (
				ACF4B8ED259D01D0005AAB05 /* Profile.swift */,
			);
			name = Profile;
			sourceTree = "<group>";
		};
		AC84EDAA25AD52BB00230761 /* Theaters */ = {
			isa = PBXGroup;
			children = (
				ACF4B8E8259D01C6005AAB05 /* Theaters.swift */,
			);
			name = Theaters;
			sourceTree = "<group>";
		};
		AC84EDAB25AD52BF00230761 /* Trailers */ = {
			isa = PBXGroup;
			children = (
				ACF4B8F7259D01EA005AAB05 /* Trailers.swift */,
			);
			name = Trailers;
			sourceTree = "<group>";
		};
		AC84EDAC25AD52D500230761 /* Supporting Views */ = {
			isa = PBXGroup;
			children = (
				AC84EE4725AF847200230761 /* MovieDetails.swift */,
				AC84EDAD25AD52E800230761 /* MoviesHeader.swift */,
				AC84EDB225AD531E00230761 /* MoviesList.swift */,
				AC84EDB725AD535E00230761 /* MoviesListItem.swift */,
				AC84EDC925AD558000230761 /* SearchButton.swift */,
			);
			name = "Supporting Views";
			sourceTree = "<group>";
		};
		AC84EDD425AD626F00230761 /* Data */ = {
			isa = PBXGroup;
			children = (
				AC84EE0925AE5D0300230761 /* upcoming_movies.json */,
			);
			name = Data;
			sourceTree = "<group>";
		};
		AC84EDD525AD627400230761 /* Fonts */ = {
			isa = PBXGroup;
			children = (
				AC84EDD825AD628D00230761 /* Font Awesome 5 Brands-Regular-400.otf */,
				AC84EDD725AD628D00230761 /* Font Awesome 5 Free-Regular-400.otf */,
				AC84EDD625AD628D00230761 /* Font Awesome 5 Free-Solid-900.otf */,
			);
			name = Fonts;
			sourceTree = "<group>";
		};
		AC84EDEA25AD649100230761 /* Application */ = {
			isa = PBXGroup;
			children = (
				AC497B1B259A9C5E00D4BF81 /* AtomApp.swift */,
				AC497B1F259A9C5F00D4BF81 /* Assets.xcassets */,
			);
			name = Application;
			sourceTree = "<group>";
		};
		AC84EDEE25AD928C00230761 /* Models */ = {
			isa = PBXGroup;
			children = (
				AC84EDEF25AD92B400230761 /* Movie.swift */,
			);
			name = Models;
			sourceTree = "<group>";
		};
		AC84EDFF25AD9B0E00230761 /* ViewModels */ = {
			isa = PBXGroup;
			children = (
				AC84EE0025AD9B4000230761 /* MoviesService.swift */,
				AC84EE3525AE9A0D00230761 /* ImageService.swift */,
			);
			name = ViewModels;
			sourceTree = "<group>";
		};
		AC84EE1C25AE6DE300230761 /* Supporting Views */ = {
			isa = PBXGroup;
			children = (
				AC84EE3A25AEA8EE00230761 /* RemoteImage.swift */,
				AC84EE4225AEB42700230761 /* ImageCache.swift */,
			);
			name = "Supporting Views";
			sourceTree = "<group>";
		};
		ACF4B8FC259D026B005AAB05 /* Screens */ = {
			isa = PBXGroup;
			children = (
				AC497B1D259A9C5E00D4BF81 /* MainView.swift */,
				AC84EDA725AD52A700230761 /* Movies */,
				AC84EDA825AD52B000230761 /* News */,
				AC84EDA925AD52B700230761 /* Profile */,
				AC84EDAA25AD52BB00230761 /* Theaters */,
				AC84EDAB25AD52BF00230761 /* Trailers */,
			);
			name = Screens;
			sourceTree = "<group>";
		};
/* End PBXGroup section */

/* Begin PBXNativeTarget section */
		AC497B17259A9C5E00D4BF81 /* Atom */ = {
			isa = PBXNativeTarget;
			buildConfigurationList = AC497B3D259A9C5F00D4BF81 /* Build configuration list for PBXNativeTarget "Atom" */;
			buildPhases = (
				AC497B14259A9C5E00D4BF81 /* Sources */,
				AC497B15259A9C5E00D4BF81 /* Frameworks */,
				AC497B16259A9C5E00D4BF81 /* Resources */,
			);
			buildRules = (
			);
			dependencies = (
			);
			name = Atom;
			productName = Atom;
			productReference = AC497B18259A9C5E00D4BF81 /* Atom.app */;
			productType = "com.apple.product-type.application";
		};
		AC497B28259A9C5F00D4BF81 /* AtomTests */ = {
			isa = PBXNativeTarget;
			buildConfigurationList = AC497B40259A9C5F00D4BF81 /* Build configuration list for PBXNativeTarget "AtomTests" */;
			buildPhases = (
				AC497B25259A9C5F00D4BF81 /* Sources */,
				AC497B26259A9C5F00D4BF81 /* Frameworks */,
				AC497B27259A9C5F00D4BF81 /* Resources */,
			);
			buildRules = (
			);
			dependencies = (
				AC497B2B259A9C5F00D4BF81 /* PBXTargetDependency */,
			);
			name = AtomTests;
			productName = AtomTests;
			productReference = AC497B29259A9C5F00D4BF81 /* AtomTests.xctest */;
			productType = "com.apple.product-type.bundle.unit-test";
		};
		AC497B33259A9C5F00D4BF81 /* AtomUITests */ = {
			isa = PBXNativeTarget;
			buildConfigurationList = AC497B43259A9C5F00D4BF81 /* Build configuration list for PBXNativeTarget "AtomUITests" */;
			buildPhases = (
				AC497B30259A9C5F00D4BF81 /* Sources */,
				AC497B31259A9C5F00D4BF81 /* Frameworks */,
				AC497B32259A9C5F00D4BF81 /* Resources */,
			);
			buildRules = (
			);
			dependencies = (
				AC497B36259A9C5F00D4BF81 /* PBXTargetDependency */,
			);
			name = AtomUITests;
			productName = AtomUITests;
			productReference = AC497B34259A9C5F00D4BF81 /* AtomUITests.xctest */;
			productType = "com.apple.product-type.bundle.ui-testing";
		};
/* End PBXNativeTarget section */

/* Begin PBXProject section */
		AC497B10259A9C5E00D4BF81 /* Project object */ = {
			isa = PBXProject;
			attributes = {
				LastSwiftUpdateCheck = 1230;
				LastUpgradeCheck = 1230;
				TargetAttributes = {
					AC497B17259A9C5E00D4BF81 = {
						CreatedOnToolsVersion = 12.3;
					};
					AC497B28259A9C5F00D4BF81 = {
						CreatedOnToolsVersion = 12.3;
						TestTargetID = AC497B17259A9C5E00D4BF81;
					};
					AC497B33259A9C5F00D4BF81 = {
						CreatedOnToolsVersion = 12.3;
						TestTargetID = AC497B17259A9C5E00D4BF81;
					};
				};
			};
			buildConfigurationList = AC497B13259A9C5E00D4BF81 /* Build configuration list for PBXProject "Atom" */;
			compatibilityVersion = "Xcode 9.3";
			developmentRegion = en;
			hasScannedForEncodings = 0;
			knownRegions = (
				en,
				Base,
			);
			mainGroup = AC497B0F259A9C5E00D4BF81;
			productRefGroup = AC497B19259A9C5E00D4BF81 /* Products */;
			projectDirPath = "";
			projectRoot = "";
			targets = (
				AC497B17259A9C5E00D4BF81 /* Atom */,
				AC497B28259A9C5F00D4BF81 /* AtomTests */,
				AC497B33259A9C5F00D4BF81 /* AtomUITests */,
			);
		};
/* End PBXProject section */

/* Begin PBXResourcesBuildPhase section */
		AC497B16259A9C5E00D4BF81 /* Resources */ = {
			isa = PBXResourcesBuildPhase;
			buildActionMask = 2147483647;
			files = (
				AC84EDDB25AD628D00230761 /* Font Awesome 5 Brands-Regular-400.otf in Resources */,
				AC84EDD925AD628D00230761 /* Font Awesome 5 Free-Solid-900.otf in Resources */,
				AC84EE0A25AE5D0300230761 /* upcoming_movies.json in Resources */,
				AC84EDDA25AD628D00230761 /* Font Awesome 5 Free-Regular-400.otf in Resources */,
				AC497B23259A9C5F00D4BF81 /* Preview Assets.xcassets in Resources */,
				AC497B20259A9C5F00D4BF81 /* Assets.xcassets in Resources */,
			);
			runOnlyForDeploymentPostprocessing = 0;
		};
		AC497B27259A9C5F00D4BF81 /* Resources */ = {
			isa = PBXResourcesBuildPhase;
			buildActionMask = 2147483647;
			files = (
			);
			runOnlyForDeploymentPostprocessing = 0;
		};
		AC497B32259A9C5F00D4BF81 /* Resources */ = {
			isa = PBXResourcesBuildPhase;
			buildActionMask = 2147483647;
			files = (
			);
			runOnlyForDeploymentPostprocessing = 0;
		};
/* End PBXResourcesBuildPhase section */

/* Begin PBXSourcesBuildPhase section */
		AC497B14259A9C5E00D4BF81 /* Sources */ = {
			isa = PBXSourcesBuildPhase;
			buildActionMask = 2147483647;
			files = (
				ACF4B8F3259D01E2005AAB05 /* News.swift in Sources */,
				AC84EE4825AF847200230761 /* MovieDetails.swift in Sources */,
				AC84EDAE25AD52E800230761 /* MoviesHeader.swift in Sources */,
				AC84EE4325AEB42700230761 /* ImageCache.swift in Sources */,
				AC84EDF025AD92B400230761 /* Movie.swift in Sources */,
				AC84EE3B25AEA8EE00230761 /* RemoteImage.swift in Sources */,
				AC497B1E259A9C5E00D4BF81 /* MainView.swift in Sources */,
				ACF4B8EE259D01D0005AAB05 /* Profile.swift in Sources */,
				ACF4B8E9259D01C6005AAB05 /* Theaters.swift in Sources */,
				AC497B1C259A9C5E00D4BF81 /* AtomApp.swift in Sources */,
				AC84EE0125AD9B4000230761 /* MoviesService.swift in Sources */,
				ACF4B8F8259D01EA005AAB05 /* Trailers.swift in Sources */,
				ACF4B8E4259D01B9005AAB05 /* Movies.swift in Sources */,
				AC84EDB325AD531E00230761 /* MoviesList.swift in Sources */,
				AC84EDCA25AD558000230761 /* SearchButton.swift in Sources */,
				AC84EDB825AD535E00230761 /* MoviesListItem.swift in Sources */,
				AC84EE3625AE9A0D00230761 /* ImageService.swift in Sources */,
			);
			runOnlyForDeploymentPostprocessing = 0;
		};
		AC497B25259A9C5F00D4BF81 /* Sources */ = {
			isa = PBXSourcesBuildPhase;
			buildActionMask = 2147483647;
			files = (
				AC497B2E259A9C5F00D4BF81 /* AtomTests.swift in Sources */,
			);
			runOnlyForDeploymentPostprocessing = 0;
		};
		AC497B30259A9C5F00D4BF81 /* Sources */ = {
			isa = PBXSourcesBuildPhase;
			buildActionMask = 2147483647;
			files = (
				AC497B39259A9C5F00D4BF81 /* AtomUITests.swift in Sources */,
			);
			runOnlyForDeploymentPostprocessing = 0;
		};
/* End PBXSourcesBuildPhase section */

/* Begin PBXTargetDependency section */
		AC497B2B259A9C5F00D4BF81 /* PBXTargetDependency */ = {
			isa = PBXTargetDependency;
			target = AC497B17259A9C5E00D4BF81 /* Atom */;
			targetProxy = AC497B2A259A9C5F00D4BF81 /* PBXContainerItemProxy */;
		};
		AC497B36259A9C5F00D4BF81 /* PBXTargetDependency */ = {
			isa = PBXTargetDependency;
			target = AC497B17259A9C5E00D4BF81 /* Atom */;
			targetProxy = AC497B35259A9C5F00D4BF81 /* PBXContainerItemProxy */;
		};
/* End PBXTargetDependency section */

/* Begin XCBuildConfiguration section */
		AC497B3B259A9C5F00D4BF81 /* Debug */ = {
			isa = XCBuildConfiguration;
			buildSettings = {
				ALWAYS_SEARCH_USER_PATHS = NO;
				CLANG_ANALYZER_NONNULL = YES;
				CLANG_ANALYZER_NUMBER_OBJECT_CONVERSION = YES_AGGRESSIVE;
				CLANG_CXX_LANGUAGE_STANDARD = "gnu++14";
				CLANG_CXX_LIBRARY = "libc++";
				CLANG_ENABLE_MODULES = YES;
				CLANG_ENABLE_OBJC_ARC = YES;
				CLANG_ENABLE_OBJC_WEAK = YES;
				CLANG_WARN_BLOCK_CAPTURE_AUTORELEASING = YES;
				CLANG_WARN_BOOL_CONVERSION = YES;
				CLANG_WARN_COMMA = YES;
				CLANG_WARN_CONSTANT_CONVERSION = YES;
				CLANG_WARN_DEPRECATED_OBJC_IMPLEMENTATIONS = YES;
				CLANG_WARN_DIRECT_OBJC_ISA_USAGE = YES_ERROR;
				CLANG_WARN_DOCUMENTATION_COMMENTS = YES;
				CLANG_WARN_EMPTY_BODY = YES;
				CLANG_WARN_ENUM_CONVERSION = YES;
				CLANG_WARN_INFINITE_RECURSION = YES;
				CLANG_WARN_INT_CONVERSION = YES;
				CLANG_WARN_NON_LITERAL_NULL_CONVERSION = YES;
				CLANG_WARN_OBJC_IMPLICIT_RETAIN_SELF = YES;
				CLANG_WARN_OBJC_LITERAL_CONVERSION = YES;
				CLANG_WARN_OBJC_ROOT_CLASS = YES_ERROR;
				CLANG_WARN_QUOTED_INCLUDE_IN_FRAMEWORK_HEADER = YES;
				CLANG_WARN_RANGE_LOOP_ANALYSIS = YES;
				CLANG_WARN_STRICT_PROTOTYPES = YES;
				CLANG_WARN_SUSPICIOUS_MOVE = YES;
				CLANG_WARN_UNGUARDED_AVAILABILITY = YES_AGGRESSIVE;
				CLANG_WARN_UNREACHABLE_CODE = YES;
				CLANG_WARN__DUPLICATE_METHOD_MATCH = YES;
				COPY_PHASE_STRIP = NO;
				DEBUG_INFORMATION_FORMAT = dwarf;
				ENABLE_STRICT_OBJC_MSGSEND = YES;
				ENABLE_TESTABILITY = YES;
				GCC_C_LANGUAGE_STANDARD = gnu11;
				GCC_DYNAMIC_NO_PIC = NO;
				GCC_NO_COMMON_BLOCKS = YES;
				GCC_OPTIMIZATION_LEVEL = 0;
				GCC_PREPROCESSOR_DEFINITIONS = (
					"DEBUG=1",
					"$(inherited)",
				);
				GCC_WARN_64_TO_32_BIT_CONVERSION = YES;
				GCC_WARN_ABOUT_RETURN_TYPE = YES_ERROR;
				GCC_WARN_UNDECLARED_SELECTOR = YES;
				GCC_WARN_UNINITIALIZED_AUTOS = YES_AGGRESSIVE;
				GCC_WARN_UNUSED_FUNCTION = YES;
				GCC_WARN_UNUSED_VARIABLE = YES;
				IPHONEOS_DEPLOYMENT_TARGET = 14.3;
				MTL_ENABLE_DEBUG_INFO = INCLUDE_SOURCE;
				MTL_FAST_MATH = YES;
				ONLY_ACTIVE_ARCH = YES;
				SDKROOT = iphoneos;
				SWIFT_ACTIVE_COMPILATION_CONDITIONS = DEBUG;
				SWIFT_OPTIMIZATION_LEVEL = "-Onone";
			};
			name = Debug;
		};
		AC497B3C259A9C5F00D4BF81 /* Release */ = {
			isa = XCBuildConfiguration;
			buildSettings = {
				ALWAYS_SEARCH_USER_PATHS = NO;
				CLANG_ANALYZER_NONNULL = YES;
				CLANG_ANALYZER_NUMBER_OBJECT_CONVERSION = YES_AGGRESSIVE;
				CLANG_CXX_LANGUAGE_STANDARD = "gnu++14";
				CLANG_CXX_LIBRARY = "libc++";
				CLANG_ENABLE_MODULES = YES;
				CLANG_ENABLE_OBJC_ARC = YES;
				CLANG_ENABLE_OBJC_WEAK = YES;
				CLANG_WARN_BLOCK_CAPTURE_AUTORELEASING = YES;
				CLANG_WARN_BOOL_CONVERSION = YES;
				CLANG_WARN_COMMA = YES;
				CLANG_WARN_CONSTANT_CONVERSION = YES;
				CLANG_WARN_DEPRECATED_OBJC_IMPLEMENTATIONS = YES;
				CLANG_WARN_DIRECT_OBJC_ISA_USAGE = YES_ERROR;
				CLANG_WARN_DOCUMENTATION_COMMENTS = YES;
				CLANG_WARN_EMPTY_BODY = YES;
				CLANG_WARN_ENUM_CONVERSION = YES;
				CLANG_WARN_INFINITE_RECURSION = YES;
				CLANG_WARN_INT_CONVERSION = YES;
				CLANG_WARN_NON_LITERAL_NULL_CONVERSION = YES;
				CLANG_WARN_OBJC_IMPLICIT_RETAIN_SELF = YES;
				CLANG_WARN_OBJC_LITERAL_CONVERSION = YES;
				CLANG_WARN_OBJC_ROOT_CLASS = YES_ERROR;
				CLANG_WARN_QUOTED_INCLUDE_IN_FRAMEWORK_HEADER = YES;
				CLANG_WARN_RANGE_LOOP_ANALYSIS = YES;
				CLANG_WARN_STRICT_PROTOTYPES = YES;
				CLANG_WARN_SUSPICIOUS_MOVE = YES;
				CLANG_WARN_UNGUARDED_AVAILABILITY = YES_AGGRESSIVE;
				CLANG_WARN_UNREACHABLE_CODE = YES;
				CLANG_WARN__DUPLICATE_METHOD_MATCH = YES;
				COPY_PHASE_STRIP = NO;
				DEBUG_INFORMATION_FORMAT = "dwarf-with-dsym";
				ENABLE_NS_ASSERTIONS = NO;
				ENABLE_STRICT_OBJC_MSGSEND = YES;
				GCC_C_LANGUAGE_STANDARD = gnu11;
				GCC_NO_COMMON_BLOCKS = YES;
				GCC_WARN_64_TO_32_BIT_CONVERSION = YES;
				GCC_WARN_ABOUT_RETURN_TYPE = YES_ERROR;
				GCC_WARN_UNDECLARED_SELECTOR = YES;
				GCC_WARN_UNINITIALIZED_AUTOS = YES_AGGRESSIVE;
				GCC_WARN_UNUSED_FUNCTION = YES;
				GCC_WARN_UNUSED_VARIABLE = YES;
				IPHONEOS_DEPLOYMENT_TARGET = 14.3;
				MTL_ENABLE_DEBUG_INFO = NO;
				MTL_FAST_MATH = YES;
				SDKROOT = iphoneos;
				SWIFT_COMPILATION_MODE = wholemodule;
				SWIFT_OPTIMIZATION_LEVEL = "-O";
				VALIDATE_PRODUCT = YES;
			};
			name = Release;
		};
		AC497B3E259A9C5F00D4BF81 /* Debug */ = {
			isa = XCBuildConfiguration;
			buildSettings = {
				ASSETCATALOG_COMPILER_APPICON_NAME = AppIcon;
				ASSETCATALOG_COMPILER_GLOBAL_ACCENT_COLOR_NAME = AccentColor;
				CODE_SIGN_STYLE = Automatic;
				DEVELOPMENT_ASSET_PATHS = "\"Atom/Preview Content\"";
				DEVELOPMENT_TEAM = JX3EH8JRT6;
				ENABLE_PREVIEWS = YES;
				INFOPLIST_FILE = Atom/Info.plist;
				IPHONEOS_DEPLOYMENT_TARGET = 14.0;
				LD_RUNPATH_SEARCH_PATHS = (
					"$(inherited)",
					"@executable_path/Frameworks",
				);
				PRODUCT_BUNDLE_IDENTIFIER = com.samq.Atom;
				PRODUCT_NAME = "$(TARGET_NAME)";
				SWIFT_VERSION = 5.0;
				TARGETED_DEVICE_FAMILY = "1,2";
			};
			name = Debug;
		};
		AC497B3F259A9C5F00D4BF81 /* Release */ = {
			isa = XCBuildConfiguration;
			buildSettings = {
				ASSETCATALOG_COMPILER_APPICON_NAME = AppIcon;
				ASSETCATALOG_COMPILER_GLOBAL_ACCENT_COLOR_NAME = AccentColor;
				CODE_SIGN_STYLE = Automatic;
				DEVELOPMENT_ASSET_PATHS = "\"Atom/Preview Content\"";
				DEVELOPMENT_TEAM = JX3EH8JRT6;
				ENABLE_PREVIEWS = YES;
				INFOPLIST_FILE = Atom/Info.plist;
				IPHONEOS_DEPLOYMENT_TARGET = 14.0;
				LD_RUNPATH_SEARCH_PATHS = (
					"$(inherited)",
					"@executable_path/Frameworks",
				);
				PRODUCT_BUNDLE_IDENTIFIER = com.samq.Atom;
				PRODUCT_NAME = "$(TARGET_NAME)";
				SWIFT_VERSION = 5.0;
				TARGETED_DEVICE_FAMILY = "1,2";
			};
			name = Release;
		};
		AC497B41259A9C5F00D4BF81 /* Debug */ = {
			isa = XCBuildConfiguration;
			buildSettings = {
				ALWAYS_EMBED_SWIFT_STANDARD_LIBRARIES = YES;
				BUNDLE_LOADER = "$(TEST_HOST)";
				CODE_SIGN_STYLE = Automatic;
				DEVELOPMENT_TEAM = JX3EH8JRT6;
				INFOPLIST_FILE = AtomTests/Info.plist;
				IPHONEOS_DEPLOYMENT_TARGET = 14.0;
				LD_RUNPATH_SEARCH_PATHS = (
					"$(inherited)",
					"@executable_path/Frameworks",
					"@loader_path/Frameworks",
				);
				PRODUCT_BUNDLE_IDENTIFIER = com.samq.AtomTests;
				PRODUCT_NAME = "$(TARGET_NAME)";
				SWIFT_VERSION = 5.0;
				TARGETED_DEVICE_FAMILY = "1,2";
				TEST_HOST = "$(BUILT_PRODUCTS_DIR)/Atom.app/Atom";
			};
			name = Debug;
		};
		AC497B42259A9C5F00D4BF81 /* Release */ = {
			isa = XCBuildConfiguration;
			buildSettings = {
				ALWAYS_EMBED_SWIFT_STANDARD_LIBRARIES = YES;
				BUNDLE_LOADER = "$(TEST_HOST)";
				CODE_SIGN_STYLE = Automatic;
				DEVELOPMENT_TEAM = JX3EH8JRT6;
				INFOPLIST_FILE = AtomTests/Info.plist;
				IPHONEOS_DEPLOYMENT_TARGET = 14.0;
				LD_RUNPATH_SEARCH_PATHS = (
					"$(inherited)",
					"@executable_path/Frameworks",
					"@loader_path/Frameworks",
				);
				PRODUCT_BUNDLE_IDENTIFIER = com.samq.AtomTests;
				PRODUCT_NAME = "$(TARGET_NAME)";
				SWIFT_VERSION = 5.0;
				TARGETED_DEVICE_FAMILY = "1,2";
				TEST_HOST = "$(BUILT_PRODUCTS_DIR)/Atom.app/Atom";
			};
			name = Release;
		};
		AC497B44259A9C5F00D4BF81 /* Debug */ = {
			isa = XCBuildConfiguration;
			buildSettings = {
				ALWAYS_EMBED_SWIFT_STANDARD_LIBRARIES = YES;
				CODE_SIGN_STYLE = Automatic;
				DEVELOPMENT_TEAM = JX3EH8JRT6;
				INFOPLIST_FILE = AtomUITests/Info.plist;
				LD_RUNPATH_SEARCH_PATHS = (
					"$(inherited)",
					"@executable_path/Frameworks",
					"@loader_path/Frameworks",
				);
				PRODUCT_BUNDLE_IDENTIFIER = com.samq.AtomUITests;
				PRODUCT_NAME = "$(TARGET_NAME)";
				SWIFT_VERSION = 5.0;
				TARGETED_DEVICE_FAMILY = "1,2";
				TEST_TARGET_NAME = Atom;
			};
			name = Debug;
		};
		AC497B45259A9C5F00D4BF81 /* Release */ = {
			isa = XCBuildConfiguration;
			buildSettings = {
				ALWAYS_EMBED_SWIFT_STANDARD_LIBRARIES = YES;
				CODE_SIGN_STYLE = Automatic;
				DEVELOPMENT_TEAM = JX3EH8JRT6;
				INFOPLIST_FILE = AtomUITests/Info.plist;
				LD_RUNPATH_SEARCH_PATHS = (
					"$(inherited)",
					"@executable_path/Frameworks",
					"@loader_path/Frameworks",
				);
				PRODUCT_BUNDLE_IDENTIFIER = com.samq.AtomUITests;
				PRODUCT_NAME = "$(TARGET_NAME)";
				SWIFT_VERSION = 5.0;
				TARGETED_DEVICE_FAMILY = "1,2";
				TEST_TARGET_NAME = Atom;
			};
			name = Release;
		};
/* End XCBuildConfiguration section */

/* Begin XCConfigurationList section */
		AC497B13259A9C5E00D4BF81 /* Build configuration list for PBXProject "Atom" */ = {
			isa = XCConfigurationList;
			buildConfigurations = (
				AC497B3B259A9C5F00D4BF81 /* Debug */,
				AC497B3C259A9C5F00D4BF81 /* Release */,
			);
			defaultConfigurationIsVisible = 0;
			defaultConfigurationName = Release;
		};
		AC497B3D259A9C5F00D4BF81 /* Build configuration list for PBXNativeTarget "Atom" */ = {
			isa = XCConfigurationList;
			buildConfigurations = (
				AC497B3E259A9C5F00D4BF81 /* Debug */,
				AC497B3F259A9C5F00D4BF81 /* Release */,
			);
			defaultConfigurationIsVisible = 0;
			defaultConfigurationName = Release;
		};
		AC497B40259A9C5F00D4BF81 /* Build configuration list for PBXNativeTarget "AtomTests" */ = {
			isa = XCConfigurationList;
			buildConfigurations = (
				AC497B41259A9C5F00D4BF81 /* Debug */,
				AC497B42259A9C5F00D4BF81 /* Release */,
			);
			defaultConfigurationIsVisible = 0;
			defaultConfigurationName = Release;
		};
		AC497B43259A9C5F00D4BF81 /* Build configuration list for PBXNativeTarget "AtomUITests" */ = {
			isa = XCConfigurationList;
			buildConfigurations = (
				AC497B44259A9C5F00D4BF81 /* Debug */,
				AC497B45259A9C5F00D4BF81 /* Release */,
			);
			defaultConfigurationIsVisible = 0;
			defaultConfigurationName = Release;
		};
/* End XCConfigurationList section */
	};
	rootObject = AC497B10259A9C5E00D4BF81 /* Project object */;
}
